
Microsoft Visual Studio Solution File, Format Version 12.00
# Visual Studio 15
VisualStudioVersion = 15.0.28307.572
MinimumVisualStudioVersion = 10.0.40219.1
Project("{FAE04EC0-301F-11D3-BF4B-00C04F79EFBC}") = "WONoteCalender", "WONote\WONoteCalender.csproj", "{9741BD58-2409-48CC-A53A-9EDC5EB9732F}"
EndProject
Project("{FAE04EC0-301F-11D3-BF4B-00C04F79EFBC}") = "DB", "DB\DB.csproj", "{EB91595D-B505-434C-9F9F-606FD90314B3}"
EndProject
Global
	GlobalSection(SolutionConfigurationPlatforms) = preSolution
		Debug|Any CPU = Debug|Any CPU
		Release|Any CPU = Release|Any CPU
	EndGlobalSection
	GlobalSection(ProjectConfigurationPlatforms) = postSolution
		{9741BD58-2409-48CC-A53A-9EDC5EB9732F}.Debug|Any CPU.ActiveCfg = Debug|Any CPU
		{9741BD58-2409-48CC-A53A-9EDC5EB9732F}.Debug|Any CPU.Build.0 = Debug|Any CPU
		{9741BD58-2409-48CC-A53A-9EDC5EB9732F}.Release|Any CPU.ActiveCfg = Release|Any CPU
		{9741BD58-2409-48CC-A53A-9EDC5EB9732F}.Release|Any CPU.Build.0 = Release|Any CPU
		{EB91595D-B505-434C-9F9F-606FD90314B3}.Debug|Any CPU.ActiveCfg = Debug|Any CPU
		{EB91595D-B505-434C-9F9F-606FD90314B3}.Debug|Any CPU.Build.0 = Debug|Any CPU
		{EB91595D-B505-434C-9F9F-606FD90314B3}.Release|Any CPU.ActiveCfg = Release|Any CPU
		{EB91595D-B505-434C-9F9F-606FD90314B3}.Release|Any CPU.Build.0 = Release|Any CPU
	EndGlobalSection
	GlobalSection(SolutionProperties) = preSolution
		HideSolutionNode = FALSE
	EndGlobalSection
	GlobalSection(ExtensibilityGlobals) = postSolution
		SolutionGuid = {B5151B61-ABDD-476C-A000-E7E7D76D0AB5}
	EndGlobalSection
EndGlobal
